
Microsoft Visual Studio Solution File, Format Version 12.00
# Visual Studio Version 16
VisualStudioVersion = 16.0.29728.190
MinimumVisualStudioVersion = 10.0.40219.1
Project("{FAE04EC0-301F-11D3-BF4B-00C04F79EFBC}") = "1_TypyGeneryczne", "1_TypyGeneryczne\1_TypyGeneryczne.csproj", "{B870D090-7EBE-4FE3-8887-AA5FE3BEEF0A}"
EndProject
Project("{FAE04EC0-301F-11D3-BF4B-00C04F79EFBC}") = "2_KolekcjeGeneryczne", "2_KolekcjeGeneryczne\2_KolekcjeGeneryczne.csproj", "{799703E9-323A-488A-8554-2ECDC8E61C1E}"
EndProject
Project("{FAE04EC0-301F-11D3-BF4B-00C04F79EFBC}") = "1_TypyGeneryczneTests", "1_TypyGeneryczneTests\1_TypyGeneryczneTests.csproj", "{A64D6983-9DA6-47A5-8DDE-F79D827A3677}"
EndProject
Project("{FAE04EC0-301F-11D3-BF4B-00C04F79EFBC}") = "2_KolekcjeGeneryczneTests", "2_KolekcjeGeneryczneTests\2_KolekcjeGeneryczneTests.csproj", "{4E501689-BEF6-49BA-AE7A-BAE7738A3152}"
EndProject
Global
	GlobalSection(SolutionConfigurationPlatforms) = preSolution
		Debug|Any CPU = Debug|Any CPU
		Release|Any CPU = Release|Any CPU
	EndGlobalSection
	GlobalSection(ProjectConfigurationPlatforms) = postSolution
		{B870D090-7EBE-4FE3-8887-AA5FE3BEEF0A}.Debug|Any CPU.ActiveCfg = Debug|Any CPU
		{B870D090-7EBE-4FE3-8887-AA5FE3BEEF0A}.Debug|Any CPU.Build.0 = Debug|Any CPU
		{B870D090-7EBE-4FE3-8887-AA5FE3BEEF0A}.Release|Any CPU.ActiveCfg = Release|Any CPU
		{B870D090-7EBE-4FE3-8887-AA5FE3BEEF0A}.Release|Any CPU.Build.0 = Release|Any CPU
		{799703E9-323A-488A-8554-2ECDC8E61C1E}.Debug|Any CPU.ActiveCfg = Debug|Any CPU
		{799703E9-323A-488A-8554-2ECDC8E61C1E}.Debug|Any CPU.Build.0 = Debug|Any CPU
		{799703E9-323A-488A-8554-2ECDC8E61C1E}.Release|Any CPU.ActiveCfg = Release|Any CPU
		{799703E9-323A-488A-8554-2ECDC8E61C1E}.Release|Any CPU.Build.0 = Release|Any CPU
		{A64D6983-9DA6-47A5-8DDE-F79D827A3677}.Debug|Any CPU.ActiveCfg = Debug|Any CPU
		{A64D6983-9DA6-47A5-8DDE-F79D827A3677}.Debug|Any CPU.Build.0 = Debug|Any CPU
		{A64D6983-9DA6-47A5-8DDE-F79D827A3677}.Release|Any CPU.ActiveCfg = Release|Any CPU
		{A64D6983-9DA6-47A5-8DDE-F79D827A3677}.Release|Any CPU.Build.0 = Release|Any CPU
		{4E501689-BEF6-49BA-AE7A-BAE7738A3152}.Debug|Any CPU.ActiveCfg = Debug|Any CPU
		{4E501689-BEF6-49BA-AE7A-BAE7738A3152}.Debug|Any CPU.Build.0 = Debug|Any CPU
		{4E501689-BEF6-49BA-AE7A-BAE7738A3152}.Release|Any CPU.ActiveCfg = Release|Any CPU
		{4E501689-BEF6-49BA-AE7A-BAE7738A3152}.Release|Any CPU.Build.0 = Release|Any CPU
	EndGlobalSection
	GlobalSection(SolutionProperties) = preSolution
		HideSolutionNode = FALSE
	EndGlobalSection
	GlobalSection(ExtensibilityGlobals) = postSolution
		SolutionGuid = {BDA3F702-0C2D-42A7-8760-F9FBFD077E70}
	EndGlobalSection
EndGlobal
